
Microsoft Visual Studio Solution File, Format Version 12.00
# Visual Studio Version 16
VisualStudioVersion = 16.0.31729.503
MinimumVisualStudioVersion = 10.0.40219.1
Project("{FAE04EC0-301F-11D3-BF4B-00C04F79EFBC}") = "BookListRazor", "BookListRazor\BookListRazor.csproj", "{D189E96F-9769-4D05-89E4-DFA8CB3BD699}"
EndProject
Global
	GlobalSection(SolutionConfigurationPlatforms) = preSolution
		Debug|Any CPU = Debug|Any CPU
		Release|Any CPU = Release|Any CPU
	EndGlobalSection
	GlobalSection(ProjectConfigurationPlatforms) = postSolution
		{D189E96F-9769-4D05-89E4-DFA8CB3BD699}.Debug|Any CPU.ActiveCfg = Debug|Any CPU
		{D189E96F-9769-4D05-89E4-DFA8CB3BD699}.Debug|Any CPU.Build.0 = Debug|Any CPU
		{D189E96F-9769-4D05-89E4-DFA8CB3BD699}.Release|Any CPU.ActiveCfg = Release|Any CPU
		{D189E96F-9769-4D05-89E4-DFA8CB3BD699}.Release|Any CPU.Build.0 = Release|Any CPU
	EndGlobalSection
	GlobalSection(SolutionProperties) = preSolution
		HideSolutionNode = FALSE
	EndGlobalSection
	GlobalSection(ExtensibilityGlobals) = postSolution
		SolutionGuid = {6E70AA4F-A723-4E6E-A81A-A3A153691BB6}
	EndGlobalSection
EndGlobal
